
Microsoft Visual Studio Solution File, Format Version 12.00
# Visual Studio Version 17
VisualStudioVersion = 17.4.33213.308
MinimumVisualStudioVersion = 10.0.40219.1
Project("{9A19103F-16F7-4668-BE54-9A1E7A4F7556}") = "Space Game", "Space Game.csproj", "{9F72F9B9-6896-4087-93C1-677736D65174}"
EndProject
Global
	GlobalSection(SolutionConfigurationPlatforms) = preSolution
		Debug|Any CPU = Debug|Any CPU
		Release|Any CPU = Release|Any CPU
	EndGlobalSection
	GlobalSection(ProjectConfigurationPlatforms) = postSolution
		{9F72F9B9-6896-4087-93C1-677736D65174}.Debug|Any CPU.ActiveCfg = Debug|Any CPU
		{9F72F9B9-6896-4087-93C1-677736D65174}.Debug|Any CPU.Build.0 = Debug|Any CPU
		{9F72F9B9-6896-4087-93C1-677736D65174}.Release|Any CPU.ActiveCfg = Release|Any CPU
		{9F72F9B9-6896-4087-93C1-677736D65174}.Release|Any CPU.Build.0 = Release|Any CPU
	EndGlobalSection
	GlobalSection(SolutionProperties) = preSolution
		HideSolutionNode = FALSE
	EndGlobalSection
	GlobalSection(ExtensibilityGlobals) = postSolution
		SolutionGuid = {EAA9F88B-7182-4D89-95FE-1FA27836B066}
	EndGlobalSection
EndGlobal
